
Microsoft Visual Studio Solution File, Format Version 12.00
# Visual Studio Version 17
VisualStudioVersion = 17.4.33213.308
MinimumVisualStudioVersion = 10.0.40219.1
Project("{9A19103F-16F7-4668-BE54-9A1E7A4F7556}") = "Массив в обратном поряжке", "Массив в обратном поряжке\Массив в обратном поряжке.csproj", "{C200EC48-9B0C-4DC8-A6F7-D8B004523476}"
EndProject
Global
	GlobalSection(SolutionConfigurationPlatforms) = preSolution
		Debug|Any CPU = Debug|Any CPU
		Release|Any CPU = Release|Any CPU
	EndGlobalSection
	GlobalSection(ProjectConfigurationPlatforms) = postSolution
		{C200EC48-9B0C-4DC8-A6F7-D8B004523476}.Debug|Any CPU.ActiveCfg = Debug|Any CPU
		{C200EC48-9B0C-4DC8-A6F7-D8B004523476}.Debug|Any CPU.Build.0 = Debug|Any CPU
		{C200EC48-9B0C-4DC8-A6F7-D8B004523476}.Release|Any CPU.ActiveCfg = Release|Any CPU
		{C200EC48-9B0C-4DC8-A6F7-D8B004523476}.Release|Any CPU.Build.0 = Release|Any CPU
	EndGlobalSection
	GlobalSection(SolutionProperties) = preSolution
		HideSolutionNode = FALSE
	EndGlobalSection
	GlobalSection(ExtensibilityGlobals) = postSolution
		SolutionGuid = {21A4E94A-1909-428E-A37E-C49E8EDA59E4}
	EndGlobalSection
EndGlobal
